{
    "hash": "730e4c792f8a6b393bc0295319c77af7",
    "packages": [
        {
            "package": "scottmac/opengraph",
            "version": "master",
            "source-reference": "origin/master"
        },
        {
            "package": "zendframework/zendframework",
            "version": "dev-master",
            "source-reference": "26f497d7ebda955cbb6cf617c189335297ae60dc"
        }
    ],
    "packages-dev": null,
    "aliases": [

    ]
}
