{
    "hash": "3e8a80f9e9725966ac407a473c61e64f",
    "packages": [
        {
            "package": "brikou/zend_uri",
            "version": "dev-master",
            "source-reference": "582a42210560eb9271a4529b78d0e07fbdbf6b74"
        },
        {
            "package": "scottmac/opengraph",
            "version": "master",
            "source-reference": "origin/master"
        }
    ],
    "packages-dev": null,
    "aliases": [

    ]
}
